
Microsoft Visual Studio Solution File, Format Version 12.00
# Visual Studio Version 17
VisualStudioVersion = 17.4.33110.190
MinimumVisualStudioVersion = 10.0.40219.1
Project("{FAE04EC0-301F-11D3-BF4B-00C04F79EFBC}") = "Day1", "Day1\Day1.csproj", "{B9463AF2-E03C-4C90-9DA7-D30E9127CD2A}"
EndProject
Project("{FAE04EC0-301F-11D3-BF4B-00C04F79EFBC}") = "Day2", "Day2\Day2.csproj", "{0EBFCA2A-53DD-4AB6-80FF-F46002376FE4}"
EndProject
Project("{FAE04EC0-301F-11D3-BF4B-00C04F79EFBC}") = "Day3", "Day3\Day3.csproj", "{755CC780-30AC-413F-A57F-60DE5E8A3BD8}"
EndProject
Project("{FAE04EC0-301F-11D3-BF4B-00C04F79EFBC}") = "Day4", "Day4\Day4.csproj", "{D572A26E-91D2-4B8D-8C84-4CF08E9EFBA1}"
EndProject
Project("{FAE04EC0-301F-11D3-BF4B-00C04F79EFBC}") = "Day6", "Day6\Day6.csproj", "{065E684F-03E3-4F4F-8840-FFF36367A926}"
EndProject
Project("{FAE04EC0-301F-11D3-BF4B-00C04F79EFBC}") = "Day7", "Day7\Day7.csproj", "{066B7598-939C-4262-ACCD-1BDD21B62109}"
EndProject
Project("{FAE04EC0-301F-11D3-BF4B-00C04F79EFBC}") = "Day10", "Day10\Day10.csproj", "{9344ABF3-A625-4F49-BA7A-78DB391AD931}"
EndProject
Project("{FAE04EC0-301F-11D3-BF4B-00C04F79EFBC}") = "Day20", "Day20\Day20.csproj", "{DAC352A5-95A2-4303-B863-3B80D656F98A}"
EndProject
Project("{FAE04EC0-301F-11D3-BF4B-00C04F79EFBC}") = "Day5", "Day5\Day5.csproj", "{1CB5D3A5-1EC6-4C72-A031-F2C048F93435}"
EndProject
Project("{8BC9CEB8-8B4A-11D0-8D11-00A0C91BC942}") = "Day25", "Day25\Day25.vcxproj", "{05F50161-F527-45E1-9243-40C3287658CE}"
EndProject
Project("{FAE04EC0-301F-11D3-BF4B-00C04F79EFBC}") = "Day8", "Day8\Day8.csproj", "{7359B20E-2147-40B7-9681-95A57234E7A3}"
EndProject
Project("{FAE04EC0-301F-11D3-BF4B-00C04F79EFBC}") = "Day9", "Day9\Day9.csproj", "{0B8DF0D5-4577-4B8B-AF2F-66C98C9376EA}"
EndProject
Global
	GlobalSection(SolutionConfigurationPlatforms) = preSolution
		Debug|Any CPU = Debug|Any CPU
		Debug|x64 = Debug|x64
		Debug|x86 = Debug|x86
		Release|Any CPU = Release|Any CPU
		Release|x64 = Release|x64
		Release|x86 = Release|x86
	EndGlobalSection
	GlobalSection(ProjectConfigurationPlatforms) = postSolution
		{B9463AF2-E03C-4C90-9DA7-D30E9127CD2A}.Debug|Any CPU.ActiveCfg = Debug|Any CPU
		{B9463AF2-E03C-4C90-9DA7-D30E9127CD2A}.Debug|Any CPU.Build.0 = Debug|Any CPU
		{B9463AF2-E03C-4C90-9DA7-D30E9127CD2A}.Debug|x64.ActiveCfg = Debug|Any CPU
		{B9463AF2-E03C-4C90-9DA7-D30E9127CD2A}.Debug|x64.Build.0 = Debug|Any CPU
		{B9463AF2-E03C-4C90-9DA7-D30E9127CD2A}.Debug|x86.ActiveCfg = Debug|Any CPU
		{B9463AF2-E03C-4C90-9DA7-D30E9127CD2A}.Debug|x86.Build.0 = Debug|Any CPU
		{B9463AF2-E03C-4C90-9DA7-D30E9127CD2A}.Release|Any CPU.ActiveCfg = Release|Any CPU
		{B9463AF2-E03C-4C90-9DA7-D30E9127CD2A}.Release|Any CPU.Build.0 = Release|Any CPU
		{B9463AF2-E03C-4C90-9DA7-D30E9127CD2A}.Release|x64.ActiveCfg = Release|Any CPU
		{B9463AF2-E03C-4C90-9DA7-D30E9127CD2A}.Release|x64.Build.0 = Release|Any CPU
		{B9463AF2-E03C-4C90-9DA7-D30E9127CD2A}.Release|x86.ActiveCfg = Release|Any CPU
		{B9463AF2-E03C-4C90-9DA7-D30E9127CD2A}.Release|x86.Build.0 = Release|Any CPU
		{0EBFCA2A-53DD-4AB6-80FF-F46002376FE4}.Debug|Any CPU.ActiveCfg = Debug|Any CPU
		{0EBFCA2A-53DD-4AB6-80FF-F46002376FE4}.Debug|Any CPU.Build.0 = Debug|Any CPU
		{0EBFCA2A-53DD-4AB6-80FF-F46002376FE4}.Debug|x64.ActiveCfg = Debug|Any CPU
		{0EBFCA2A-53DD-4AB6-80FF-F46002376FE4}.Debug|x64.Build.0 = Debug|Any CPU
		{0EBFCA2A-53DD-4AB6-80FF-F46002376FE4}.Debug|x86.ActiveCfg = Debug|Any CPU
		{0EBFCA2A-53DD-4AB6-80FF-F46002376FE4}.Debug|x86.Build.0 = Debug|Any CPU
		{0EBFCA2A-53DD-4AB6-80FF-F46002376FE4}.Release|Any CPU.ActiveCfg = Release|Any CPU
		{0EBFCA2A-53DD-4AB6-80FF-F46002376FE4}.Release|Any CPU.Build.0 = Release|Any CPU
		{0EBFCA2A-53DD-4AB6-80FF-F46002376FE4}.Release|x64.ActiveCfg = Release|Any CPU
		{0EBFCA2A-53DD-4AB6-80FF-F46002376FE4}.Release|x64.Build.0 = Release|Any CPU
		{0EBFCA2A-53DD-4AB6-80FF-F46002376FE4}.Release|x86.ActiveCfg = Release|Any CPU
		{0EBFCA2A-53DD-4AB6-80FF-F46002376FE4}.Release|x86.Build.0 = Release|Any CPU
		{755CC780-30AC-413F-A57F-60DE5E8A3BD8}.Debug|Any CPU.ActiveCfg = Debug|Any CPU
		{755CC780-30AC-413F-A57F-60DE5E8A3BD8}.Debug|Any CPU.Build.0 = Debug|Any CPU
		{755CC780-30AC-413F-A57F-60DE5E8A3BD8}.Debug|x64.ActiveCfg = Debug|Any CPU
		{755CC780-30AC-413F-A57F-60DE5E8A3BD8}.Debug|x64.Build.0 = Debug|Any CPU
		{755CC780-30AC-413F-A57F-60DE5E8A3BD8}.Debug|x86.ActiveCfg = Debug|Any CPU
		{755CC780-30AC-413F-A57F-60DE5E8A3BD8}.Debug|x86.Build.0 = Debug|Any CPU
		{755CC780-30AC-413F-A57F-60DE5E8A3BD8}.Release|Any CPU.ActiveCfg = Release|Any CPU
		{755CC780-30AC-413F-A57F-60DE5E8A3BD8}.Release|Any CPU.Build.0 = Release|Any CPU
		{755CC780-30AC-413F-A57F-60DE5E8A3BD8}.Release|x64.ActiveCfg = Release|Any CPU
		{755CC780-30AC-413F-A57F-60DE5E8A3BD8}.Release|x64.Build.0 = Release|Any CPU
		{755CC780-30AC-413F-A57F-60DE5E8A3BD8}.Release|x86.ActiveCfg = Release|Any CPU
		{755CC780-30AC-413F-A57F-60DE5E8A3BD8}.Release|x86.Build.0 = Release|Any CPU
		{D572A26E-91D2-4B8D-8C84-4CF08E9EFBA1}.Debug|Any CPU.ActiveCfg = Debug|Any CPU
		{D572A26E-91D2-4B8D-8C84-4CF08E9EFBA1}.Debug|Any CPU.Build.0 = Debug|Any CPU
		{D572A26E-91D2-4B8D-8C84-4CF08E9EFBA1}.Debug|x64.ActiveCfg = Debug|Any CPU
		{D572A26E-91D2-4B8D-8C84-4CF08E9EFBA1}.Debug|x64.Build.0 = Debug|Any CPU
		{D572A26E-91D2-4B8D-8C84-4CF08E9EFBA1}.Debug|x86.ActiveCfg = Debug|Any CPU
		{D572A26E-91D2-4B8D-8C84-4CF08E9EFBA1}.Debug|x86.Build.0 = Debug|Any CPU
		{D572A26E-91D2-4B8D-8C84-4CF08E9EFBA1}.Release|Any CPU.ActiveCfg = Release|Any CPU
		{D572A26E-91D2-4B8D-8C84-4CF08E9EFBA1}.Release|Any CPU.Build.0 = Release|Any CPU
		{D572A26E-91D2-4B8D-8C84-4CF08E9EFBA1}.Release|x64.ActiveCfg = Release|Any CPU
		{D572A26E-91D2-4B8D-8C84-4CF08E9EFBA1}.Release|x64.Build.0 = Release|Any CPU
		{D572A26E-91D2-4B8D-8C84-4CF08E9EFBA1}.Release|x86.ActiveCfg = Release|Any CPU
		{D572A26E-91D2-4B8D-8C84-4CF08E9EFBA1}.Release|x86.Build.0 = Release|Any CPU
		{065E684F-03E3-4F4F-8840-FFF36367A926}.Debug|Any CPU.ActiveCfg = Debug|Any CPU
		{065E684F-03E3-4F4F-8840-FFF36367A926}.Debug|Any CPU.Build.0 = Debug|Any CPU
		{065E684F-03E3-4F4F-8840-FFF36367A926}.Debug|x64.ActiveCfg = Debug|Any CPU
		{065E684F-03E3-4F4F-8840-FFF36367A926}.Debug|x64.Build.0 = Debug|Any CPU
		{065E684F-03E3-4F4F-8840-FFF36367A926}.Debug|x86.ActiveCfg = Debug|Any CPU
		{065E684F-03E3-4F4F-8840-FFF36367A926}.Debug|x86.Build.0 = Debug|Any CPU
		{065E684F-03E3-4F4F-8840-FFF36367A926}.Release|Any CPU.ActiveCfg = Release|Any CPU
		{065E684F-03E3-4F4F-8840-FFF36367A926}.Release|Any CPU.Build.0 = Release|Any CPU
		{065E684F-03E3-4F4F-8840-FFF36367A926}.Release|x64.ActiveCfg = Release|Any CPU
		{065E684F-03E3-4F4F-8840-FFF36367A926}.Release|x64.Build.0 = Release|Any CPU
		{065E684F-03E3-4F4F-8840-FFF36367A926}.Release|x86.ActiveCfg = Release|Any CPU
		{065E684F-03E3-4F4F-8840-FFF36367A926}.Release|x86.Build.0 = Release|Any CPU
		{066B7598-939C-4262-ACCD-1BDD21B62109}.Debug|Any CPU.ActiveCfg = Debug|Any CPU
		{066B7598-939C-4262-ACCD-1BDD21B62109}.Debug|Any CPU.Build.0 = Debug|Any CPU
		{066B7598-939C-4262-ACCD-1BDD21B62109}.Debug|x64.ActiveCfg = Debug|Any CPU
		{066B7598-939C-4262-ACCD-1BDD21B62109}.Debug|x64.Build.0 = Debug|Any CPU
		{066B7598-939C-4262-ACCD-1BDD21B62109}.Debug|x86.ActiveCfg = Debug|Any CPU
		{066B7598-939C-4262-ACCD-1BDD21B62109}.Debug|x86.Build.0 = Debug|Any CPU
		{066B7598-939C-4262-ACCD-1BDD21B62109}.Release|Any CPU.ActiveCfg = Release|Any CPU
		{066B7598-939C-4262-ACCD-1BDD21B62109}.Release|Any CPU.Build.0 = Release|Any CPU
		{066B7598-939C-4262-ACCD-1BDD21B62109}.Release|x64.ActiveCfg = Release|Any CPU
		{066B7598-939C-4262-ACCD-1BDD21B62109}.Release|x64.Build.0 = Release|Any CPU
		{066B7598-939C-4262-ACCD-1BDD21B62109}.Release|x86.ActiveCfg = Release|Any CPU
		{066B7598-939C-4262-ACCD-1BDD21B62109}.Release|x86.Build.0 = Release|Any CPU
		{9344ABF3-A625-4F49-BA7A-78DB391AD931}.Debug|Any CPU.ActiveCfg = Debug|Any CPU
		{9344ABF3-A625-4F49-BA7A-78DB391AD931}.Debug|Any CPU.Build.0 = Debug|Any CPU
		{9344ABF3-A625-4F49-BA7A-78DB391AD931}.Debug|x64.ActiveCfg = Debug|Any CPU
		{9344ABF3-A625-4F49-BA7A-78DB391AD931}.Debug|x64.Build.0 = Debug|Any CPU
		{9344ABF3-A625-4F49-BA7A-78DB391AD931}.Debug|x86.ActiveCfg = Debug|Any CPU
		{9344ABF3-A625-4F49-BA7A-78DB391AD931}.Debug|x86.Build.0 = Debug|Any CPU
		{9344ABF3-A625-4F49-BA7A-78DB391AD931}.Release|Any CPU.ActiveCfg = Release|Any CPU
		{9344ABF3-A625-4F49-BA7A-78DB391AD931}.Release|Any CPU.Build.0 = Release|Any CPU
		{9344ABF3-A625-4F49-BA7A-78DB391AD931}.Release|x64.ActiveCfg = Release|Any CPU
		{9344ABF3-A625-4F49-BA7A-78DB391AD931}.Release|x64.Build.0 = Release|Any CPU
		{9344ABF3-A625-4F49-BA7A-78DB391AD931}.Release|x86.ActiveCfg = Release|Any CPU
		{9344ABF3-A625-4F49-BA7A-78DB391AD931}.Release|x86.Build.0 = Release|Any CPU
		{DAC352A5-95A2-4303-B863-3B80D656F98A}.Debug|Any CPU.ActiveCfg = Debug|Any CPU
		{DAC352A5-95A2-4303-B863-3B80D656F98A}.Debug|Any CPU.Build.0 = Debug|Any CPU
		{DAC352A5-95A2-4303-B863-3B80D656F98A}.Debug|x64.ActiveCfg = Debug|Any CPU
		{DAC352A5-95A2-4303-B863-3B80D656F98A}.Debug|x64.Build.0 = Debug|Any CPU
		{DAC352A5-95A2-4303-B863-3B80D656F98A}.Debug|x86.ActiveCfg = Debug|Any CPU
		{DAC352A5-95A2-4303-B863-3B80D656F98A}.Debug|x86.Build.0 = Debug|Any CPU
		{DAC352A5-95A2-4303-B863-3B80D656F98A}.Release|Any CPU.ActiveCfg = Release|Any CPU
		{DAC352A5-95A2-4303-B863-3B80D656F98A}.Release|Any CPU.Build.0 = Release|Any CPU
		{DAC352A5-95A2-4303-B863-3B80D656F98A}.Release|x64.ActiveCfg = Release|Any CPU
		{DAC352A5-95A2-4303-B863-3B80D656F98A}.Release|x64.Build.0 = Release|Any CPU
		{DAC352A5-95A2-4303-B863-3B80D656F98A}.Release|x86.ActiveCfg = Release|Any CPU
		{DAC352A5-95A2-4303-B863-3B80D656F98A}.Release|x86.Build.0 = Release|Any CPU
		{1CB5D3A5-1EC6-4C72-A031-F2C048F93435}.Debug|Any CPU.ActiveCfg = Debug|Any CPU
		{1CB5D3A5-1EC6-4C72-A031-F2C048F93435}.Debug|Any CPU.Build.0 = Debug|Any CPU
		{1CB5D3A5-1EC6-4C72-A031-F2C048F93435}.Debug|x64.ActiveCfg = Debug|Any CPU
		{1CB5D3A5-1EC6-4C72-A031-F2C048F93435}.Debug|x64.Build.0 = Debug|Any CPU
		{1CB5D3A5-1EC6-4C72-A031-F2C048F93435}.Debug|x86.ActiveCfg = Debug|Any CPU
		{1CB5D3A5-1EC6-4C72-A031-F2C048F93435}.Debug|x86.Build.0 = Debug|Any CPU
		{1CB5D3A5-1EC6-4C72-A031-F2C048F93435}.Release|Any CPU.ActiveCfg = Release|Any CPU
		{1CB5D3A5-1EC6-4C72-A031-F2C048F93435}.Release|Any CPU.Build.0 = Release|Any CPU
		{1CB5D3A5-1EC6-4C72-A031-F2C048F93435}.Release|x64.ActiveCfg = Release|Any CPU
		{1CB5D3A5-1EC6-4C72-A031-F2C048F93435}.Release|x64.Build.0 = Release|Any CPU
		{1CB5D3A5-1EC6-4C72-A031-F2C048F93435}.Release|x86.ActiveCfg = Release|Any CPU
		{1CB5D3A5-1EC6-4C72-A031-F2C048F93435}.Release|x86.Build.0 = Release|Any CPU
		{05F50161-F527-45E1-9243-40C3287658CE}.Debug|Any CPU.ActiveCfg = Debug|x64
		{05F50161-F527-45E1-9243-40C3287658CE}.Debug|Any CPU.Build.0 = Debug|x64
		{05F50161-F527-45E1-9243-40C3287658CE}.Debug|x64.ActiveCfg = Debug|x64
		{05F50161-F527-45E1-9243-40C3287658CE}.Debug|x64.Build.0 = Debug|x64
		{05F50161-F527-45E1-9243-40C3287658CE}.Debug|x86.ActiveCfg = Debug|Win32
		{05F50161-F527-45E1-9243-40C3287658CE}.Debug|x86.Build.0 = Debug|Win32
		{05F50161-F527-45E1-9243-40C3287658CE}.Release|Any CPU.ActiveCfg = Release|x64
		{05F50161-F527-45E1-9243-40C3287658CE}.Release|Any CPU.Build.0 = Release|x64
		{05F50161-F527-45E1-9243-40C3287658CE}.Release|x64.ActiveCfg = Release|x64
		{05F50161-F527-45E1-9243-40C3287658CE}.Release|x64.Build.0 = Release|x64
		{05F50161-F527-45E1-9243-40C3287658CE}.Release|x86.ActiveCfg = Release|Win32
		{05F50161-F527-45E1-9243-40C3287658CE}.Release|x86.Build.0 = Release|Win32
		{7359B20E-2147-40B7-9681-95A57234E7A3}.Debug|Any CPU.ActiveCfg = Debug|Any CPU
		{7359B20E-2147-40B7-9681-95A57234E7A3}.Debug|Any CPU.Build.0 = Debug|Any CPU
		{7359B20E-2147-40B7-9681-95A57234E7A3}.Debug|x64.ActiveCfg = Debug|Any CPU
		{7359B20E-2147-40B7-9681-95A57234E7A3}.Debug|x64.Build.0 = Debug|Any CPU
		{7359B20E-2147-40B7-9681-95A57234E7A3}.Debug|x86.ActiveCfg = Debug|Any CPU
		{7359B20E-2147-40B7-9681-95A57234E7A3}.Debug|x86.Build.0 = Debug|Any CPU
		{7359B20E-2147-40B7-9681-95A57234E7A3}.Release|Any CPU.ActiveCfg = Release|Any CPU
		{7359B20E-2147-40B7-9681-95A57234E7A3}.Release|Any CPU.Build.0 = Release|Any CPU
		{7359B20E-2147-40B7-9681-95A57234E7A3}.Release|x64.ActiveCfg = Release|Any CPU
		{7359B20E-2147-40B7-9681-95A57234E7A3}.Release|x64.Build.0 = Release|Any CPU
		{7359B20E-2147-40B7-9681-95A57234E7A3}.Release|x86.ActiveCfg = Release|Any CPU
		{7359B20E-2147-40B7-9681-95A57234E7A3}.Release|x86.Build.0 = Release|Any CPU
		{0B8DF0D5-4577-4B8B-AF2F-66C98C9376EA}.Debug|Any CPU.ActiveCfg = Debug|Any CPU
		{0B8DF0D5-4577-4B8B-AF2F-66C98C9376EA}.Debug|Any CPU.Build.0 = Debug|Any CPU
		{0B8DF0D5-4577-4B8B-AF2F-66C98C9376EA}.Debug|x64.ActiveCfg = Debug|Any CPU
		{0B8DF0D5-4577-4B8B-AF2F-66C98C9376EA}.Debug|x64.Build.0 = Debug|Any CPU
		{0B8DF0D5-4577-4B8B-AF2F-66C98C9376EA}.Debug|x86.ActiveCfg = Debug|Any CPU
		{0B8DF0D5-4577-4B8B-AF2F-66C98C9376EA}.Debug|x86.Build.0 = Debug|Any CPU
		{0B8DF0D5-4577-4B8B-AF2F-66C98C9376EA}.Release|Any CPU.ActiveCfg = Release|Any CPU
		{0B8DF0D5-4577-4B8B-AF2F-66C98C9376EA}.Release|Any CPU.Build.0 = Release|Any CPU
		{0B8DF0D5-4577-4B8B-AF2F-66C98C9376EA}.Release|x64.ActiveCfg = Release|Any CPU
		{0B8DF0D5-4577-4B8B-AF2F-66C98C9376EA}.Release|x64.Build.0 = Release|Any CPU
		{0B8DF0D5-4577-4B8B-AF2F-66C98C9376EA}.Release|x86.ActiveCfg = Release|Any CPU
		{0B8DF0D5-4577-4B8B-AF2F-66C98C9376EA}.Release|x86.Build.0 = Release|Any CPU
	EndGlobalSection
	GlobalSection(SolutionProperties) = preSolution
		HideSolutionNode = FALSE
	EndGlobalSection
	GlobalSection(ExtensibilityGlobals) = postSolution
		SolutionGuid = {D5EE16AE-B387-416C-A1C3-E59A2125067B}
	EndGlobalSection
EndGlobal
